
Microsoft Visual Studio Solution File, Format Version 12.00
# Visual Studio 15
VisualStudioVersion = 15.0.28307.168
MinimumVisualStudioVersion = 10.0.40219.1
Project("{FAE04EC0-301F-11D3-BF4B-00C04F79EFBC}") = "apagapp.Android", "apagapp\apagapp.Android\apagapp.Android.csproj", "{D0DAE3A3-8EBE-4695-ADAF-DF52858667F1}"
EndProject
Project("{FAE04EC0-301F-11D3-BF4B-00C04F79EFBC}") = "apagapp.iOS", "apagapp\apagapp.iOS\apagapp.iOS.csproj", "{1B99A244-3946-4562-AEB5-E2F7069AB4B6}"
EndProject
Project("{FAE04EC0-301F-11D3-BF4B-00C04F79EFBC}") = "apagapp", "apagapp\apagapp\apagapp.csproj", "{E75E78BF-6780-43CF-89AB-7FFD0DB13256}"
EndProject
Global
	GlobalSection(SolutionConfigurationPlatforms) = preSolution
		Ad-Hoc|Any CPU = Ad-Hoc|Any CPU
		Ad-Hoc|iPhone = Ad-Hoc|iPhone
		Ad-Hoc|iPhoneSimulator = Ad-Hoc|iPhoneSimulator
		AppStore|Any CPU = AppStore|Any CPU
		AppStore|iPhone = AppStore|iPhone
		AppStore|iPhoneSimulator = AppStore|iPhoneSimulator
		Debug|Any CPU = Debug|Any CPU
		Debug|iPhone = Debug|iPhone
		Debug|iPhoneSimulator = Debug|iPhoneSimulator
		Release|Any CPU = Release|Any CPU
		Release|iPhone = Release|iPhone
		Release|iPhoneSimulator = Release|iPhoneSimulator
	EndGlobalSection
	GlobalSection(ProjectConfigurationPlatforms) = postSolution
		{D0DAE3A3-8EBE-4695-ADAF-DF52858667F1}.Ad-Hoc|Any CPU.ActiveCfg = Release|Any CPU
		{D0DAE3A3-8EBE-4695-ADAF-DF52858667F1}.Ad-Hoc|Any CPU.Build.0 = Release|Any CPU
		{D0DAE3A3-8EBE-4695-ADAF-DF52858667F1}.Ad-Hoc|Any CPU.Deploy.0 = Release|Any CPU
		{D0DAE3A3-8EBE-4695-ADAF-DF52858667F1}.Ad-Hoc|iPhone.ActiveCfg = Release|Any CPU
		{D0DAE3A3-8EBE-4695-ADAF-DF52858667F1}.Ad-Hoc|iPhone.Build.0 = Release|Any CPU
		{D0DAE3A3-8EBE-4695-ADAF-DF52858667F1}.Ad-Hoc|iPhone.Deploy.0 = Release|Any CPU
		{D0DAE3A3-8EBE-4695-ADAF-DF52858667F1}.Ad-Hoc|iPhoneSimulator.ActiveCfg = Release|Any CPU
		{D0DAE3A3-8EBE-4695-ADAF-DF52858667F1}.Ad-Hoc|iPhoneSimulator.Build.0 = Release|Any CPU
		{D0DAE3A3-8EBE-4695-ADAF-DF52858667F1}.Ad-Hoc|iPhoneSimulator.Deploy.0 = Release|Any CPU
		{D0DAE3A3-8EBE-4695-ADAF-DF52858667F1}.AppStore|Any CPU.ActiveCfg = Release|Any CPU
		{D0DAE3A3-8EBE-4695-ADAF-DF52858667F1}.AppStore|Any CPU.Build.0 = Release|Any CPU
		{D0DAE3A3-8EBE-4695-ADAF-DF52858667F1}.AppStore|Any CPU.Deploy.0 = Release|Any CPU
		{D0DAE3A3-8EBE-4695-ADAF-DF52858667F1}.AppStore|iPhone.ActiveCfg = Release|Any CPU
		{D0DAE3A3-8EBE-4695-ADAF-DF52858667F1}.AppStore|iPhone.Build.0 = Release|Any CPU
		{D0DAE3A3-8EBE-4695-ADAF-DF52858667F1}.AppStore|iPhone.Deploy.0 = Release|Any CPU
		{D0DAE3A3-8EBE-4695-ADAF-DF52858667F1}.AppStore|iPhoneSimulator.ActiveCfg = Release|Any CPU
		{D0DAE3A3-8EBE-4695-ADAF-DF52858667F1}.AppStore|iPhoneSimulator.Build.0 = Release|Any CPU
		{D0DAE3A3-8EBE-4695-ADAF-DF52858667F1}.AppStore|iPhoneSimulator.Deploy.0 = Release|Any CPU
		{D0DAE3A3-8EBE-4695-ADAF-DF52858667F1}.Debug|Any CPU.ActiveCfg = Debug|Any CPU
		{D0DAE3A3-8EBE-4695-ADAF-DF52858667F1}.Debug|Any CPU.Build.0 = Debug|Any CPU
		{D0DAE3A3-8EBE-4695-ADAF-DF52858667F1}.Debug|Any CPU.Deploy.0 = Debug|Any CPU
		{D0DAE3A3-8EBE-4695-ADAF-DF52858667F1}.Debug|iPhone.ActiveCfg = Debug|Any CPU
		{D0DAE3A3-8EBE-4695-ADAF-DF52858667F1}.Debug|iPhone.Build.0 = Debug|Any CPU
		{D0DAE3A3-8EBE-4695-ADAF-DF52858667F1}.Debug|iPhone.Deploy.0 = Debug|Any CPU
		{D0DAE3A3-8EBE-4695-ADAF-DF52858667F1}.Debug|iPhoneSimulator.ActiveCfg = Debug|Any CPU
		{D0DAE3A3-8EBE-4695-ADAF-DF52858667F1}.Debug|iPhoneSimulator.Build.0 = Debug|Any CPU
		{D0DAE3A3-8EBE-4695-ADAF-DF52858667F1}.Debug|iPhoneSimulator.Deploy.0 = Debug|Any CPU
		{D0DAE3A3-8EBE-4695-ADAF-DF52858667F1}.Release|Any CPU.ActiveCfg = Release|Any CPU
		{D0DAE3A3-8EBE-4695-ADAF-DF52858667F1}.Release|Any CPU.Build.0 = Release|Any CPU
		{D0DAE3A3-8EBE-4695-ADAF-DF52858667F1}.Release|Any CPU.Deploy.0 = Release|Any CPU
		{D0DAE3A3-8EBE-4695-ADAF-DF52858667F1}.Release|iPhone.ActiveCfg = Release|Any CPU
		{D0DAE3A3-8EBE-4695-ADAF-DF52858667F1}.Release|iPhone.Build.0 = Release|Any CPU
		{D0DAE3A3-8EBE-4695-ADAF-DF52858667F1}.Release|iPhone.Deploy.0 = Release|Any CPU
		{D0DAE3A3-8EBE-4695-ADAF-DF52858667F1}.Release|iPhoneSimulator.ActiveCfg = Release|Any CPU
		{D0DAE3A3-8EBE-4695-ADAF-DF52858667F1}.Release|iPhoneSimulator.Build.0 = Release|Any CPU
		{D0DAE3A3-8EBE-4695-ADAF-DF52858667F1}.Release|iPhoneSimulator.Deploy.0 = Release|Any CPU
		{1B99A244-3946-4562-AEB5-E2F7069AB4B6}.Ad-Hoc|Any CPU.ActiveCfg = Ad-Hoc|iPhone
		{1B99A244-3946-4562-AEB5-E2F7069AB4B6}.Ad-Hoc|Any CPU.Build.0 = Ad-Hoc|iPhone
		{1B99A244-3946-4562-AEB5-E2F7069AB4B6}.Ad-Hoc|Any CPU.Deploy.0 = Ad-Hoc|iPhone
		{1B99A244-3946-4562-AEB5-E2F7069AB4B6}.Ad-Hoc|iPhone.ActiveCfg = Ad-Hoc|iPhone
		{1B99A244-3946-4562-AEB5-E2F7069AB4B6}.Ad-Hoc|iPhone.Build.0 = Ad-Hoc|iPhone
		{1B99A244-3946-4562-AEB5-E2F7069AB4B6}.Ad-Hoc|iPhone.Deploy.0 = Ad-Hoc|iPhone
		{1B99A244-3946-4562-AEB5-E2F7069AB4B6}.Ad-Hoc|iPhoneSimulator.ActiveCfg = Ad-Hoc|iPhoneSimulator
		{1B99A244-3946-4562-AEB5-E2F7069AB4B6}.Ad-Hoc|iPhoneSimulator.Build.0 = Ad-Hoc|iPhoneSimulator
		{1B99A244-3946-4562-AEB5-E2F7069AB4B6}.Ad-Hoc|iPhoneSimulator.Deploy.0 = Ad-Hoc|iPhoneSimulator
		{1B99A244-3946-4562-AEB5-E2F7069AB4B6}.AppStore|Any CPU.ActiveCfg = AppStore|iPhone
		{1B99A244-3946-4562-AEB5-E2F7069AB4B6}.AppStore|Any CPU.Build.0 = AppStore|iPhone
		{1B99A244-3946-4562-AEB5-E2F7069AB4B6}.AppStore|Any CPU.Deploy.0 = AppStore|iPhone
		{1B99A244-3946-4562-AEB5-E2F7069AB4B6}.AppStore|iPhone.ActiveCfg = AppStore|iPhone
		{1B99A244-3946-4562-AEB5-E2F7069AB4B6}.AppStore|iPhone.Build.0 = AppStore|iPhone
		{1B99A244-3946-4562-AEB5-E2F7069AB4B6}.AppStore|iPhone.Deploy.0 = AppStore|iPhone
		{1B99A244-3946-4562-AEB5-E2F7069AB4B6}.AppStore|iPhoneSimulator.ActiveCfg = AppStore|iPhoneSimulator
		{1B99A244-3946-4562-AEB5-E2F7069AB4B6}.AppStore|iPhoneSimulator.Build.0 = AppStore|iPhoneSimulator
		{1B99A244-3946-4562-AEB5-E2F7069AB4B6}.AppStore|iPhoneSimulator.Deploy.0 = AppStore|iPhoneSimulator
		{1B99A244-3946-4562-AEB5-E2F7069AB4B6}.Debug|Any CPU.ActiveCfg = Debug|iPhoneSimulator
		{1B99A244-3946-4562-AEB5-E2F7069AB4B6}.Debug|Any CPU.Build.0 = Debug|iPhoneSimulator
		{1B99A244-3946-4562-AEB5-E2F7069AB4B6}.Debug|Any CPU.Deploy.0 = Debug|iPhoneSimulator
		{1B99A244-3946-4562-AEB5-E2F7069AB4B6}.Debug|iPhone.ActiveCfg = Debug|iPhone
		{1B99A244-3946-4562-AEB5-E2F7069AB4B6}.Debug|iPhone.Build.0 = Debug|iPhone
		{1B99A244-3946-4562-AEB5-E2F7069AB4B6}.Debug|iPhone.Deploy.0 = Debug|iPhone
		{1B99A244-3946-4562-AEB5-E2F7069AB4B6}.Debug|iPhoneSimulator.ActiveCfg = Debug|iPhoneSimulator
		{1B99A244-3946-4562-AEB5-E2F7069AB4B6}.Debug|iPhoneSimulator.Build.0 = Debug|iPhoneSimulator
		{1B99A244-3946-4562-AEB5-E2F7069AB4B6}.Debug|iPhoneSimulator.Deploy.0 = Debug|iPhoneSimulator
		{1B99A244-3946-4562-AEB5-E2F7069AB4B6}.Release|Any CPU.ActiveCfg = Release|iPhone
		{1B99A244-3946-4562-AEB5-E2F7069AB4B6}.Release|Any CPU.Build.0 = Release|iPhone
		{1B99A244-3946-4562-AEB5-E2F7069AB4B6}.Release|Any CPU.Deploy.0 = Release|iPhone
		{1B99A244-3946-4562-AEB5-E2F7069AB4B6}.Release|iPhone.ActiveCfg = Release|iPhone
		{1B99A244-3946-4562-AEB5-E2F7069AB4B6}.Release|iPhone.Build.0 = Release|iPhone
		{1B99A244-3946-4562-AEB5-E2F7069AB4B6}.Release|iPhone.Deploy.0 = Release|iPhone
		{1B99A244-3946-4562-AEB5-E2F7069AB4B6}.Release|iPhoneSimulator.ActiveCfg = Release|iPhoneSimulator
		{1B99A244-3946-4562-AEB5-E2F7069AB4B6}.Release|iPhoneSimulator.Build.0 = Release|iPhoneSimulator
		{1B99A244-3946-4562-AEB5-E2F7069AB4B6}.Release|iPhoneSimulator.Deploy.0 = Release|iPhoneSimulator
		{E75E78BF-6780-43CF-89AB-7FFD0DB13256}.Ad-Hoc|Any CPU.ActiveCfg = Debug|Any CPU
		{E75E78BF-6780-43CF-89AB-7FFD0DB13256}.Ad-Hoc|Any CPU.Build.0 = Debug|Any CPU
		{E75E78BF-6780-43CF-89AB-7FFD0DB13256}.Ad-Hoc|Any CPU.Deploy.0 = Debug|Any CPU
		{E75E78BF-6780-43CF-89AB-7FFD0DB13256}.Ad-Hoc|iPhone.ActiveCfg = Debug|Any CPU
		{E75E78BF-6780-43CF-89AB-7FFD0DB13256}.Ad-Hoc|iPhone.Build.0 = Debug|Any CPU
		{E75E78BF-6780-43CF-89AB-7FFD0DB13256}.Ad-Hoc|iPhone.Deploy.0 = Debug|Any CPU
		{E75E78BF-6780-43CF-89AB-7FFD0DB13256}.Ad-Hoc|iPhoneSimulator.ActiveCfg = Debug|Any CPU
		{E75E78BF-6780-43CF-89AB-7FFD0DB13256}.Ad-Hoc|iPhoneSimulator.Build.0 = Debug|Any CPU
		{E75E78BF-6780-43CF-89AB-7FFD0DB13256}.Ad-Hoc|iPhoneSimulator.Deploy.0 = Debug|Any CPU
		{E75E78BF-6780-43CF-89AB-7FFD0DB13256}.AppStore|Any CPU.ActiveCfg = Debug|Any CPU
		{E75E78BF-6780-43CF-89AB-7FFD0DB13256}.AppStore|Any CPU.Build.0 = Debug|Any CPU
		{E75E78BF-6780-43CF-89AB-7FFD0DB13256}.AppStore|Any CPU.Deploy.0 = Debug|Any CPU
		{E75E78BF-6780-43CF-89AB-7FFD0DB13256}.AppStore|iPhone.ActiveCfg = Debug|Any CPU
		{E75E78BF-6780-43CF-89AB-7FFD0DB13256}.AppStore|iPhone.Build.0 = Debug|Any CPU
		{E75E78BF-6780-43CF-89AB-7FFD0DB13256}.AppStore|iPhone.Deploy.0 = Debug|Any CPU
		{E75E78BF-6780-43CF-89AB-7FFD0DB13256}.AppStore|iPhoneSimulator.ActiveCfg = Debug|Any CPU
		{E75E78BF-6780-43CF-89AB-7FFD0DB13256}.AppStore|iPhoneSimulator.Build.0 = Debug|Any CPU
		{E75E78BF-6780-43CF-89AB-7FFD0DB13256}.AppStore|iPhoneSimulator.Deploy.0 = Debug|Any CPU
		{E75E78BF-6780-43CF-89AB-7FFD0DB13256}.Debug|Any CPU.ActiveCfg = Debug|Any CPU
		{E75E78BF-6780-43CF-89AB-7FFD0DB13256}.Debug|Any CPU.Build.0 = Debug|Any CPU
		{E75E78BF-6780-43CF-89AB-7FFD0DB13256}.Debug|Any CPU.Deploy.0 = Debug|Any CPU
		{E75E78BF-6780-43CF-89AB-7FFD0DB13256}.Debug|iPhone.ActiveCfg = Debug|Any CPU
		{E75E78BF-6780-43CF-89AB-7FFD0DB13256}.Debug|iPhone.Build.0 = Debug|Any CPU
		{E75E78BF-6780-43CF-89AB-7FFD0DB13256}.Debug|iPhone.Deploy.0 = Debug|Any CPU
		{E75E78BF-6780-43CF-89AB-7FFD0DB13256}.Debug|iPhoneSimulator.ActiveCfg = Debug|Any CPU
		{E75E78BF-6780-43CF-89AB-7FFD0DB13256}.Debug|iPhoneSimulator.Build.0 = Debug|Any CPU
		{E75E78BF-6780-43CF-89AB-7FFD0DB13256}.Debug|iPhoneSimulator.Deploy.0 = Debug|Any CPU
		{E75E78BF-6780-43CF-89AB-7FFD0DB13256}.Release|Any CPU.ActiveCfg = Release|Any CPU
		{E75E78BF-6780-43CF-89AB-7FFD0DB13256}.Release|Any CPU.Build.0 = Release|Any CPU
		{E75E78BF-6780-43CF-89AB-7FFD0DB13256}.Release|Any CPU.Deploy.0 = Release|Any CPU
		{E75E78BF-6780-43CF-89AB-7FFD0DB13256}.Release|iPhone.ActiveCfg = Release|Any CPU
		{E75E78BF-6780-43CF-89AB-7FFD0DB13256}.Release|iPhone.Build.0 = Release|Any CPU
		{E75E78BF-6780-43CF-89AB-7FFD0DB13256}.Release|iPhone.Deploy.0 = Release|Any CPU
		{E75E78BF-6780-43CF-89AB-7FFD0DB13256}.Release|iPhoneSimulator.ActiveCfg = Release|Any CPU
		{E75E78BF-6780-43CF-89AB-7FFD0DB13256}.Release|iPhoneSimulator.Build.0 = Release|Any CPU
		{E75E78BF-6780-43CF-89AB-7FFD0DB13256}.Release|iPhoneSimulator.Deploy.0 = Release|Any CPU
	EndGlobalSection
	GlobalSection(SolutionProperties) = preSolution
		HideSolutionNode = FALSE
	EndGlobalSection
	GlobalSection(ExtensibilityGlobals) = postSolution
		SolutionGuid = {18938CC0-DD41-49DC-80B3-71B9824178CC}
	EndGlobalSection
EndGlobal
